# THIS IS AN AUTOGENERATED FILE. DO NOT EDIT THIS FILE DIRECTLY.
# yarn lockfile v1


"@babel/runtime@^7.15.4":
  "integrity" "sha512-xwII0//EObnq89Ji5AKYQaRYiW/nZ3llSv29d49IuxPhKbtJoLP+9QUUZ4nVragQVtaVGeZrpB+ZtG/Pdy/POw=="
  "resolved" "https://registry.npmjs.org/@babel/runtime/-/runtime-7.21.0.tgz"
  "version" "7.21.0"
  dependencies:
    "regenerator-runtime" "^0.13.11"

"@types/js-yaml@^4.0.5":
  "integrity" "sha512-FhpRzf927MNQdRZP0J5DLIdTXhjLYzeUTmLAu69mnVksLH9CJY3IuSeEgbKUki7GQZm0WqDkGzyxju2EZGD2wA=="
  "resolved" "https://registry.npmjs.org/@types/js-yaml/-/js-yaml-4.0.5.tgz"
  "version" "4.0.5"

"@types/node@^12.11.5":
  "integrity" "sha512-J8xLz7q2OFulZ2cyGTLE1TbbZcjpno7FaN6zdJNrgAdrJ+DZzh/uFR6YrTb4C+nXakvud8Q4+rbhoIWlYQbUFQ=="
  "resolved" "https://registry.npmjs.org/@types/node/-/node-12.20.55.tgz"
  "version" "12.20.55"

"argparse@^2.0.1":
  "integrity" "sha512-8+9WqebbFzpX9OR+Wa6O29asIogeRMzcGtAINdpMHHyAg10f05aSFVBbcEqGf/PXw1EjAZ+q2/bEBg3DvurK3Q=="
  "resolved" "https://registry.npmjs.org/argparse/-/argparse-2.0.1.tgz"
  "version" "2.0.1"

"axios-retry@^3.4.0":
  "integrity" "sha512-VdgaP+gHH4iQYCCNUWF2pcqeciVOdGrBBAYUfTY+wPcO5Ltvp/37MLFNCmJKo7Gj3SHvCSdL8ouI1qLYJN3liA=="
  "resolved" "https://registry.npmjs.org/axios-retry/-/axios-retry-3.4.0.tgz"
  "version" "3.4.0"
  dependencies:
    "@babel/runtime" "^7.15.4"
    "is-retry-allowed" "^2.2.0"

"axios@^0.26.1":
  "integrity" "sha512-fPwcX4EvnSHuInCMItEhAGnaSEXRBjtzh9fOtsE6E1G6p7vl7edEeZe11QHf18+6+9gR5PbKV/sGKNaD8YaMeA=="
  "resolved" "https://registry.npmjs.org/axios/-/axios-0.26.1.tgz"
  "version" "0.26.1"
  dependencies:
    "follow-redirects" "^1.14.8"

"follow-redirects@^1.14.8":
  "integrity" "sha512-VQLG33o04KaQ8uYi2tVNbdrWp1QWxNNea+nmIB4EVM28v0hmP17z7aG1+wAkNzVq4KeXTq3221ye5qTJP91JwA=="
  "resolved" "https://registry.npmjs.org/follow-redirects/-/follow-redirects-1.15.2.tgz"
  "version" "1.15.2"

"is-retry-allowed@^2.2.0":
  "integrity" "sha512-XVm7LOeLpTW4jV19QSH38vkswxoLud8sQ57YwJVTPWdiaI9I8keEhGFpBlslyVsgdQy4Opg8QOLb8YRgsyZiQg=="
  "resolved" "https://registry.npmjs.org/is-retry-allowed/-/is-retry-allowed-2.2.0.tgz"
  "version" "2.2.0"

"js-yaml@^4.1.0":
  "integrity" "sha512-wpxZs9NoxZaJESJGIZTyDEaYpl0FKSA+FB9aJiyemKhMwkxQg63h4T1KJgUGHpTqPDNRcmmYLugrRjJlBtWvRA=="
  "resolved" "https://registry.npmjs.org/js-yaml/-/js-yaml-4.1.0.tgz"
  "version" "4.1.0"
  dependencies:
    "argparse" "^2.0.1"

"regenerator-runtime@^0.13.11":
  "integrity" "sha512-kY1AZVr2Ra+t+piVaJ4gxaFaReZVH40AKNo7UCX6W+dEwBo/2oZJzqfuN1qLq1oL45o56cPaTXELwrTh8Fpggg=="
  "resolved" "https://registry.npmjs.org/regenerator-runtime/-/regenerator-runtime-0.13.11.tgz"
  "version" "0.13.11"

"typescript@^4.0":
  "integrity" "sha512-1FXk9E2Hm+QzZQ7z+McJiHL4NW1F2EzMu9Nq9i3zAaGqibafqYwCVU6WyWAuyQRRzOlxou8xZSyXLEN8oKj24g=="
  "resolved" "https://registry.npmjs.org/typescript/-/typescript-4.9.5.tgz"
  "version" "4.9.5"
