lockVersion: 2.0.0
id: 16f22cbf-f23f-4419-8924-3a4b06381947
management:
  docChecksum: 37654ea0982ab5e87a9a9576014c9d19
  docVersion: 0.0.3
  speakeasyVersion: 1.308.1
  generationVersion: 2.342.6
  releaseVersion: 0.17.0
  configChecksum: 91cb964c770722eba5f69c04d32554eb
  repoURL: https://github.com/LukeHagar/plexjs.git
  repoSubDirectory: .
  installationURL: https://github.com/LukeHagar/plexjs
  published: true
features:
  typescript:
    additionalDependencies: 0.1.0
    constsAndDefaults: 0.1.5
    core: 3.9.14
    flattening: 2.81.1
    globalSecurity: 2.82.9
    globalSecurityCallbacks: 0.1.0
    globalSecurityFlattening: 0.1.0
    globalServerURLs: 2.82.4
    globals: 2.82.1
    methodServerURLs: 2.82.1
    nameOverrides: 2.81.2
    responseFormat: 0.2.3
    sdkHooks: 0.1.0
    typeOverrides: 2.81.1
generatedFiles:
  - src/sdk/server.ts
  - src/sdk/media.ts
  - src/sdk/video.ts
  - src/sdk/activities.ts
  - src/sdk/butler.ts
  - src/sdk/plex.ts
  - src/sdk/hubs.ts
  - src/sdk/search.ts
  - src/sdk/library.ts
  - src/sdk/log.ts
  - src/sdk/playlists.ts
  - src/sdk/authentication.ts
  - src/sdk/statistics.ts
  - src/sdk/sessions.ts
  - src/sdk/updater.ts
  - src/sdk/watchlist.ts
  - src/sdk/sdk.ts
  - .eslintrc.js
  - .npmignore
  - RUNTIMES.md
  - jsr.json
  - package.json
  - src/index.ts
  - src/lib/base64.ts
  - src/lib/config.ts
  - src/lib/encodings.ts
  - src/lib/http.ts
  - src/lib/is-plain-object.ts
  - src/lib/primitives.ts
  - src/lib/retries.ts
  - src/lib/schemas.ts
  - src/lib/sdks.ts
  - src/lib/security.ts
  - src/lib/url.ts
  - src/sdk/index.ts
  - src/models/sdkerror.ts
  - src/models/sdkvalidationerror.ts
  - src/types/blobs.ts
  - src/types/enums.ts
  - src/types/index.ts
  - src/types/operations.ts
  - src/types/rfcdate.ts
  - tsconfig.json
  - src/models/getservercapabilitiesop.ts
  - src/models/getserverpreferencesop.ts
  - src/models/getavailableclientsop.ts
  - src/models/getdevicesop.ts
  - src/models/getserveridentityop.ts
  - src/models/getmyplexaccountop.ts
  - src/models/getresizedphotoop.ts
  - src/models/getserverlistop.ts
  - src/models/markplayedop.ts
  - src/models/markunplayedop.ts
  - src/models/updateplayprogressop.ts
  - src/models/gettimelineop.ts
  - src/models/startuniversaltranscodeop.ts
  - src/models/getserveractivitiesop.ts
  - src/models/cancelserveractivitiesop.ts
  - src/models/getbutlertasksop.ts
  - src/models/startalltasksop.ts
  - src/models/stopalltasksop.ts
  - src/models/starttaskop.ts
  - src/models/stoptaskop.ts
  - src/models/gethomedataop.ts
  - src/models/getpinop.ts
  - src/models/gettokenop.ts
  - src/models/getglobalhubsop.ts
  - src/models/getlibraryhubsop.ts
  - src/models/performsearchop.ts
  - src/models/performvoicesearchop.ts
  - src/models/getsearchresultsop.ts
  - src/models/getfilehashop.ts
  - src/models/getrecentlyaddedop.ts
  - src/models/getlibrariesop.ts
  - src/models/getlibraryop.ts
  - src/models/deletelibraryop.ts
  - src/models/getlibraryitemsop.ts
  - src/models/refreshlibraryop.ts
  - src/models/searchlibraryop.ts
  - src/models/getmetadataop.ts
  - src/models/getmetadatachildrenop.ts
  - src/models/getondeckop.ts
  - src/models/loglineop.ts
  - src/models/logmultilineop.ts
  - src/models/enablepapertrailop.ts
  - src/models/createplaylistop.ts
  - src/models/getplaylistsop.ts
  - src/models/getplaylistop.ts
  - src/models/deleteplaylistop.ts
  - src/models/updateplaylistop.ts
  - src/models/getplaylistcontentsop.ts
  - src/models/clearplaylistcontentsop.ts
  - src/models/addplaylistcontentsop.ts
  - src/models/uploadplaylistop.ts
  - src/models/gettransienttokenop.ts
  - src/models/getsourceconnectioninformationop.ts
  - src/models/getstatisticsop.ts
  - src/models/getsessionsop.ts
  - src/models/getsessionhistoryop.ts
  - src/models/gettranscodesessionsop.ts
  - src/models/stoptranscodesessionop.ts
  - src/models/getupdatestatusop.ts
  - src/models/checkforupdatesop.ts
  - src/models/applyupdatesop.ts
  - src/models/getwatchlistop.ts
  - src/models/security.ts
  - src/models/index.ts
  - docs/models/errors.md
  - docs/models/getservercapabilitiesserverresponsebody.md
  - docs/models/directory.md
  - docs/models/mediacontainer.md
  - docs/models/getservercapabilitiesresponsebody.md
  - docs/models/getservercapabilitiesresponse.md
  - docs/models/getserverpreferenceserrors.md
  - docs/models/getserverpreferencesserverresponsebody.md
  - docs/models/setting.md
  - docs/models/getserverpreferencesmediacontainer.md
  - docs/models/getserverpreferencesresponsebody.md
  - docs/models/getserverpreferencesresponse.md
  - docs/models/getavailableclientserrors.md
  - docs/models/getavailableclientsserverresponsebody.md
  - docs/models/getavailableclientsserver.md
  - docs/models/getavailableclientsmediacontainer.md
  - docs/models/getavailableclientsresponsebody.md
  - docs/models/getavailableclientsresponse.md
  - docs/models/getdeviceserrors.md
  - docs/models/getdevicesserverresponsebody.md
  - docs/models/device.md
  - docs/models/getdevicesmediacontainer.md
  - docs/models/getdevicesresponsebody.md
  - docs/models/getdevicesresponse.md
  - docs/models/getserveridentityerrors.md
  - docs/models/getserveridentityserverresponsebody.md
  - docs/models/getserveridentitymediacontainer.md
  - docs/models/getserveridentityresponsebody.md
  - docs/models/getserveridentityresponse.md
  - docs/models/getmyplexaccounterrors.md
  - docs/models/getmyplexaccountserverresponsebody.md
  - docs/models/myplex.md
  - docs/models/getmyplexaccountresponsebody.md
  - docs/models/getmyplexaccountresponse.md
  - docs/models/minsize.md
  - docs/models/upscale.md
  - docs/models/getresizedphotorequest.md
  - docs/models/getresizedphotoerrors.md
  - docs/models/getresizedphotoresponsebody.md
  - docs/models/getresizedphotoresponse.md
  - docs/models/getserverlisterrors.md
  - docs/models/getserverlistserverresponsebody.md
  - docs/models/getserverlistserver.md
  - docs/models/getserverlistmediacontainer.md
  - docs/models/getserverlistresponsebody.md
  - docs/models/getserverlistresponse.md
  - docs/models/markplayedrequest.md
  - docs/models/markplayederrors.md
  - docs/models/markplayedresponsebody.md
  - docs/models/markplayedresponse.md
  - docs/models/markunplayedrequest.md
  - docs/models/markunplayederrors.md
  - docs/models/markunplayedresponsebody.md
  - docs/models/markunplayedresponse.md
  - docs/models/updateplayprogressrequest.md
  - docs/models/updateplayprogresserrors.md
  - docs/models/updateplayprogressresponsebody.md
  - docs/models/updateplayprogressresponse.md
  - docs/models/state.md
  - docs/models/gettimelinerequest.md
  - docs/models/gettimelineerrors.md
  - docs/models/gettimelineresponsebody.md
  - docs/models/gettimelineresponse.md
  - docs/models/startuniversaltranscoderequest.md
  - docs/models/startuniversaltranscodeerrors.md
  - docs/models/startuniversaltranscoderesponsebody.md
  - docs/models/startuniversaltranscoderesponse.md
  - docs/models/getserveractivitieserrors.md
  - docs/models/getserveractivitiesactivitiesresponsebody.md
  - docs/models/context.md
  - docs/models/activity.md
  - docs/models/getserveractivitiesmediacontainer.md
  - docs/models/getserveractivitiesresponsebody.md
  - docs/models/getserveractivitiesresponse.md
  - docs/models/cancelserveractivitiesrequest.md
  - docs/models/cancelserveractivitieserrors.md
  - docs/models/cancelserveractivitiesresponsebody.md
  - docs/models/cancelserveractivitiesresponse.md
  - docs/models/getbutlertaskserrors.md
  - docs/models/getbutlertasksbutlerresponsebody.md
  - docs/models/butlertask.md
  - docs/models/butlertasks.md
  - docs/models/getbutlertasksresponsebody.md
  - docs/models/getbutlertasksresponse.md
  - docs/models/startalltaskserrors.md
  - docs/models/startalltasksresponsebody.md
  - docs/models/startalltasksresponse.md
  - docs/models/stopalltaskserrors.md
  - docs/models/stopalltasksresponsebody.md
  - docs/models/stopalltasksresponse.md
  - docs/models/taskname.md
  - docs/models/starttaskrequest.md
  - docs/models/starttaskerrors.md
  - docs/models/starttaskresponsebody.md
  - docs/models/starttaskresponse.md
  - docs/models/pathparamtaskname.md
  - docs/models/stoptaskrequest.md
  - docs/models/stoptaskerrors.md
  - docs/models/stoptaskresponsebody.md
  - docs/models/stoptaskresponse.md
  - docs/models/gethomedataerrors.md
  - docs/models/gethomedataplexresponsebody.md
  - docs/models/gethomedataresponsebody.md
  - docs/models/gethomedataresponse.md
  - docs/models/getpinglobals.md
  - docs/models/getpinrequest.md
  - docs/models/getpinerrors.md
  - docs/models/getpinplexresponsebody.md
  - docs/models/location.md
  - docs/models/getpinresponsebody.md
  - docs/models/getpinresponse.md
  - docs/models/gettokenglobals.md
  - docs/models/gettokenrequest.md
  - docs/models/gettokenerrors.md
  - docs/models/gettokenplexresponsebody.md
  - docs/models/gettokenlocation.md
  - docs/models/gettokenresponsebody.md
  - docs/models/gettokenresponse.md
  - docs/models/onlytransient.md
  - docs/models/getglobalhubsrequest.md
  - docs/models/getglobalhubserrors.md
  - docs/models/getglobalhubshubsresponsebody.md
  - docs/models/getglobalhubsmetadata.md
  - docs/models/hub.md
  - docs/models/getglobalhubsmediacontainer.md
  - docs/models/getglobalhubsresponsebody.md
  - docs/models/getglobalhubsresponse.md
  - docs/models/queryparamonlytransient.md
  - docs/models/getlibraryhubsrequest.md
  - docs/models/getlibraryhubserrors.md
  - docs/models/getlibraryhubshubsresponsebody.md
  - docs/models/getlibraryhubspart.md
  - docs/models/getlibraryhubsmedia.md
  - docs/models/getlibraryhubsgenre.md
  - docs/models/getlibraryhubscountry.md
  - docs/models/getlibraryhubsdirector.md
  - docs/models/getlibraryhubsrole.md
  - docs/models/getlibraryhubswriter.md
  - docs/types/rfcdate.md
  - docs/models/getlibraryhubsmetadata.md
  - docs/models/getlibraryhubshub.md
  - docs/models/getlibraryhubsmediacontainer.md
  - docs/models/getlibraryhubsresponsebody.md
  - docs/models/getlibraryhubsresponse.md
  - docs/models/performsearchrequest.md
  - docs/models/performsearcherrors.md
  - docs/models/performsearchresponsebody.md
  - docs/models/performsearchresponse.md
  - docs/models/performvoicesearchrequest.md
  - docs/models/performvoicesearcherrors.md
  - docs/models/performvoicesearchresponsebody.md
  - docs/models/performvoicesearchresponse.md
  - docs/models/getsearchresultsrequest.md
  - docs/models/getsearchresultserrors.md
  - docs/models/getsearchresultssearchresponsebody.md
  - docs/models/getsearchresultspart.md
  - docs/models/getsearchresultsmedia.md
  - docs/models/getsearchresultsgenre.md
  - docs/models/getsearchresultsdirector.md
  - docs/models/getsearchresultswriter.md
  - docs/models/getsearchresultscountry.md
  - docs/models/getsearchresultsrole.md
  - docs/models/getsearchresultsmetadata.md
  - docs/models/provider.md
  - docs/models/getsearchresultsmediacontainer.md
  - docs/models/getsearchresultsresponsebody.md
  - docs/models/getsearchresultsresponse.md
  - docs/models/getfilehashrequest.md
  - docs/models/getfilehasherrors.md
  - docs/models/getfilehashresponsebody.md
  - docs/models/getfilehashresponse.md
  - docs/models/getrecentlyaddederrors.md
  - docs/models/getrecentlyaddedlibraryresponsebody.md
  - docs/models/part.md
  - docs/models/getrecentlyaddedmedia.md
  - docs/models/genre.md
  - docs/models/director.md
  - docs/models/writer.md
  - docs/models/country.md
  - docs/models/role.md
  - docs/models/getrecentlyaddedmetadata.md
  - docs/models/getrecentlyaddedmediacontainer.md
  - docs/models/getrecentlyaddedresponsebody.md
  - docs/models/getrecentlyaddedresponse.md
  - docs/models/getlibrarieserrors.md
  - docs/models/getlibrarieslibraryresponsebody.md
  - docs/models/getlibrarieslocation.md
  - docs/models/getlibrariesdirectory.md
  - docs/models/getlibrariesmediacontainer.md
  - docs/models/getlibrariesresponsebody.md
  - docs/models/getlibrariesresponse.md
  - docs/models/includedetails.md
  - docs/models/getlibraryrequest.md
  - docs/models/getlibraryerrors.md
  - docs/models/getlibrarylibraryresponsebody.md
  - docs/models/getlibrarydirectory.md
  - docs/models/getlibraryfilter.md
  - docs/models/sort.md
  - docs/models/field.md
  - docs/models/getlibrarytype.md
  - docs/models/operator.md
  - docs/models/fieldtype.md
  - docs/models/getlibrarymediacontainer.md
  - docs/models/getlibraryresponsebody.md
  - docs/models/getlibraryresponse.md
  - docs/models/deletelibraryrequest.md
  - docs/models/deletelibraryerrors.md
  - docs/models/deletelibraryresponsebody.md
  - docs/models/deletelibraryresponse.md
  - docs/models/tag.md
  - docs/models/getlibraryitemsrequest.md
  - docs/models/getlibraryitemserrors.md
  - docs/models/getlibraryitemslibraryresponsebody.md
  - docs/models/getlibraryitemspart.md
  - docs/models/getlibraryitemsmedia.md
  - docs/models/getlibraryitemsgenre.md
  - docs/models/getlibraryitemscountry.md
  - docs/models/getlibraryitemsdirector.md
  - docs/models/getlibraryitemswriter.md
  - docs/models/getlibraryitemsrole.md
  - docs/models/getlibraryitemsmetadata.md
  - docs/models/getlibraryitemsmediacontainer.md
  - docs/models/getlibraryitemsresponsebody.md
  - docs/models/getlibraryitemsresponse.md
  - docs/models/refreshlibraryrequest.md
  - docs/models/refreshlibraryerrors.md
  - docs/models/refreshlibraryresponsebody.md
  - docs/models/refreshlibraryresponse.md
  - docs/models/type.md
  - docs/models/searchlibraryrequest.md
  - docs/models/searchlibraryerrors.md
  - docs/models/searchlibrarylibraryresponsebody.md
  - docs/models/searchlibrarymetadata.md
  - docs/models/searchlibrarymediacontainer.md
  - docs/models/searchlibraryresponsebody.md
  - docs/models/searchlibraryresponse.md
  - docs/models/getmetadatarequest.md
  - docs/models/getmetadataerrors.md
  - docs/models/getmetadatalibraryresponsebody.md
  - docs/models/stream.md
  - docs/models/getmetadatapart.md
  - docs/models/getmetadatamedia.md
  - docs/models/getmetadatagenre.md
  - docs/models/getmetadatacountry.md
  - docs/models/guids.md
  - docs/models/ratings.md
  - docs/models/getmetadatadirector.md
  - docs/models/getmetadatawriter.md
  - docs/models/getmetadatarole.md
  - docs/models/producer.md
  - docs/models/getmetadatametadata.md
  - docs/models/getmetadatamediacontainer.md
  - docs/models/getmetadataresponsebody.md
  - docs/models/getmetadataresponse.md
  - docs/models/getmetadatachildrenrequest.md
  - docs/models/getmetadatachildrenerrors.md
  - docs/models/getmetadatachildrenlibraryresponsebody.md
  - docs/models/getmetadatachildrendirectory.md
  - docs/models/getmetadatachildrenmetadata.md
  - docs/models/getmetadatachildrenmediacontainer.md
  - docs/models/getmetadatachildrenresponsebody.md
  - docs/models/getmetadatachildrenresponse.md
  - docs/models/getondeckerrors.md
  - docs/models/getondecklibraryresponsebody.md
  - docs/models/getondeckstream.md
  - docs/models/getondeckpart.md
  - docs/models/getondeckmedia.md
  - docs/models/getondeckguids.md
  - docs/models/getondeckmetadata.md
  - docs/models/getondeckmediacontainer.md
  - docs/models/getondeckresponsebody.md
  - docs/models/getondeckresponse.md
  - docs/models/level.md
  - docs/models/loglinerequest.md
  - docs/models/loglineerrors.md
  - docs/models/loglineresponsebody.md
  - docs/models/loglineresponse.md
  - docs/models/logmultilineerrors.md
  - docs/models/logmultilineresponsebody.md
  - docs/models/logmultilineresponse.md
  - docs/models/enablepapertrailerrors.md
  - docs/models/enablepapertrailresponsebody.md
  - docs/models/enablepapertrailresponse.md
  - docs/models/queryparamtype.md
  - docs/models/smart.md
  - docs/models/createplaylistrequest.md
  - docs/models/createplaylisterrors.md
  - docs/models/createplaylistplaylistsresponsebody.md
  - docs/models/createplaylistmetadata.md
  - docs/models/createplaylistmediacontainer.md
  - docs/models/createplaylistresponsebody.md
  - docs/models/createplaylistresponse.md
  - docs/models/playlisttype.md
  - docs/models/queryparamsmart.md
  - docs/models/getplaylistsrequest.md
  - docs/models/getplaylistserrors.md
  - docs/models/getplaylistsplaylistsresponsebody.md
  - docs/models/getplaylistsmetadata.md
  - docs/models/getplaylistsmediacontainer.md
  - docs/models/getplaylistsresponsebody.md
  - docs/models/getplaylistsresponse.md
  - docs/models/getplaylistrequest.md
  - docs/models/getplaylisterrors.md
  - docs/models/getplaylistplaylistsresponsebody.md
  - docs/models/getplaylistmetadata.md
  - docs/models/getplaylistmediacontainer.md
  - docs/models/getplaylistresponsebody.md
  - docs/models/getplaylistresponse.md
  - docs/models/deleteplaylistrequest.md
  - docs/models/deleteplaylisterrors.md
  - docs/models/deleteplaylistresponsebody.md
  - docs/models/deleteplaylistresponse.md
  - docs/models/updateplaylistrequest.md
  - docs/models/updateplaylisterrors.md
  - docs/models/updateplaylistresponsebody.md
  - docs/models/updateplaylistresponse.md
  - docs/models/getplaylistcontentsrequest.md
  - docs/models/getplaylistcontentserrors.md
  - docs/models/getplaylistcontentsplaylistsresponsebody.md
  - docs/models/getplaylistcontentspart.md
  - docs/models/getplaylistcontentsmedia.md
  - docs/models/getplaylistcontentsgenre.md
  - docs/models/getplaylistcontentscountry.md
  - docs/models/getplaylistcontentsdirector.md
  - docs/models/getplaylistcontentswriter.md
  - docs/models/getplaylistcontentsrole.md
  - docs/models/getplaylistcontentsmetadata.md
  - docs/models/getplaylistcontentsmediacontainer.md
  - docs/models/getplaylistcontentsresponsebody.md
  - docs/models/getplaylistcontentsresponse.md
  - docs/models/clearplaylistcontentsrequest.md
  - docs/models/clearplaylistcontentserrors.md
  - docs/models/clearplaylistcontentsresponsebody.md
  - docs/models/clearplaylistcontentsresponse.md
  - docs/models/addplaylistcontentsrequest.md
  - docs/models/addplaylistcontentserrors.md
  - docs/models/addplaylistcontentsplaylistsresponsebody.md
  - docs/models/addplaylistcontentsmetadata.md
  - docs/models/addplaylistcontentsmediacontainer.md
  - docs/models/addplaylistcontentsresponsebody.md
  - docs/models/addplaylistcontentsresponse.md
  - docs/models/force.md
  - docs/models/uploadplaylistrequest.md
  - docs/models/uploadplaylisterrors.md
  - docs/models/uploadplaylistresponsebody.md
  - docs/models/uploadplaylistresponse.md
  - docs/models/gettransienttokenqueryparamtype.md
  - docs/models/scope.md
  - docs/models/gettransienttokenrequest.md
  - docs/models/gettransienttokenerrors.md
  - docs/models/gettransienttokenresponsebody.md
  - docs/models/gettransienttokenresponse.md
  - docs/models/getsourceconnectioninformationrequest.md
  - docs/models/getsourceconnectioninformationerrors.md
  - docs/models/getsourceconnectioninformationresponsebody.md
  - docs/models/getsourceconnectioninformationresponse.md
  - docs/models/getstatisticsrequest.md
  - docs/models/getstatisticserrors.md
  - docs/models/getstatisticsstatisticsresponsebody.md
  - docs/models/getstatisticsdevice.md
  - docs/models/account.md
  - docs/models/statisticsmedia.md
  - docs/models/getstatisticsmediacontainer.md
  - docs/models/getstatisticsresponsebody.md
  - docs/models/getstatisticsresponse.md
  - docs/models/getsessionserrors.md
  - docs/models/getsessionssessionsresponsebody.md
  - docs/models/getsessionsstream.md
  - docs/models/getsessionspart.md
  - docs/models/getsessionsmedia.md
  - docs/models/user.md
  - docs/models/player.md
  - docs/models/session.md
  - docs/models/getsessionsmetadata.md
  - docs/models/getsessionsmediacontainer.md
  - docs/models/getsessionsresponsebody.md
  - docs/models/getsessionsresponse.md
  - docs/models/getsessionhistoryerrors.md
  - docs/models/getsessionhistorysessionsresponsebody.md
  - docs/models/getsessionhistorymetadata.md
  - docs/models/getsessionhistorymediacontainer.md
  - docs/models/getsessionhistoryresponsebody.md
  - docs/models/getsessionhistoryresponse.md
  - docs/models/gettranscodesessionserrors.md
  - docs/models/gettranscodesessionssessionsresponsebody.md
  - docs/models/transcodesession.md
  - docs/models/gettranscodesessionsmediacontainer.md
  - docs/models/gettranscodesessionsresponsebody.md
  - docs/models/gettranscodesessionsresponse.md
  - docs/models/stoptranscodesessionrequest.md
  - docs/models/stoptranscodesessionerrors.md
  - docs/models/stoptranscodesessionresponsebody.md
  - docs/models/stoptranscodesessionresponse.md
  - docs/models/getupdatestatuserrors.md
  - docs/models/getupdatestatusupdaterresponsebody.md
  - docs/models/release.md
  - docs/models/getupdatestatusmediacontainer.md
  - docs/models/getupdatestatusresponsebody.md
  - docs/models/getupdatestatusresponse.md
  - docs/models/download.md
  - docs/models/checkforupdatesrequest.md
  - docs/models/checkforupdateserrors.md
  - docs/models/checkforupdatesresponsebody.md
  - docs/models/checkforupdatesresponse.md
  - docs/models/tonight.md
  - docs/models/skip.md
  - docs/models/applyupdatesrequest.md
  - docs/models/applyupdateserrors.md
  - docs/models/applyupdatesresponsebody.md
  - docs/models/applyupdatesresponse.md
  - docs/models/filter.md
  - docs/models/libtype.md
  - docs/models/includecollections.md
  - docs/models/includeexternalmedia.md
  - docs/models/getwatchlistrequest.md
  - docs/models/getwatchlisterrors.md
  - docs/models/getwatchlistwatchlistresponsebody.md
  - docs/models/image.md
  - docs/models/metadata.md
  - docs/models/getwatchlistresponsebody.md
  - docs/models/getwatchlistresponse.md
  - docs/models/security.md
  - docs/sdks/plexapi/README.md
  - docs/sdks/server/README.md
  - docs/sdks/media/README.md
  - docs/sdks/video/README.md
  - docs/sdks/activities/README.md
  - docs/sdks/butler/README.md
  - docs/sdks/plex/README.md
  - docs/sdks/hubs/README.md
  - docs/sdks/search/README.md
  - docs/sdks/library/README.md
  - docs/sdks/log/README.md
  - docs/sdks/playlists/README.md
  - docs/sdks/authentication/README.md
  - docs/sdks/statistics/README.md
  - docs/sdks/sessions/README.md
  - docs/sdks/updater/README.md
  - docs/sdks/watchlist/README.md
  - USAGE.md
  - .gitattributes
  - src/hooks/hooks.ts
  - src/hooks/types.ts
  - src/hooks/index.ts
