speakeasyVersion: 1.299.4
sources:
    my-source:
        sourceNamespace: my-source
        sourceRevisionDigest: sha256:8ea74ebc7eafa8dab728402c961e52c50efa98b29bf7ce4c8f5b2f023c517a6c
        sourceBlobDigest: sha256:a13afe40f977a1a5c2b11c7999412cbc3d6e6d4e73407fd6f873e577d210a3d8
        tags:
            - latest
            - main
targets:
    plexjs:
        source: my-source
        sourceNamespace: my-source
        sourceRevisionDigest: sha256:8ea74ebc7eafa8dab728402c961e52c50efa98b29bf7ce4c8f5b2f023c517a6c
        sourceBlobDigest: sha256:a13afe40f977a1a5c2b11c7999412cbc3d6e6d4e73407fd6f873e577d210a3d8
        outLocation: /github/workspace/repo
workflow:
    workflowVersion: 1.0.0
    speakeasyVersion: latest
    sources:
        my-source:
            inputs:
                - location: https://raw.githubusercontent.com/LukeHagar/plex-api-spec/main/plex-media-server-spec-dereferenced.yaml
            registry:
                location: registry.speakeasyapi.dev/lukehagar/lukehagar/my-source
    targets:
        plexjs:
            target: typescript
            source: my-source
            publish:
                npm:
                    token: $NPM_TOKEN
            codeSamples:
                output: codeSamples.yaml
