speakeasyVersion: 1.529.1
sources:
    my-source:
        sourceNamespace: my-source
        sourceRevisionDigest: sha256:1b8840d540c66b58d1009ec2581fb18464158ec9aa00464eac05ba737f31207e
        sourceBlobDigest: sha256:f7e2709f52370dff16c1851a7a4e44a89f2e978e9cae335bffc10625950b3bd9
        tags:
            - latest
            - main
    plexapi:
        sourceNamespace: plexapi
        sourceRevisionDigest: sha256:ea508e3da23b283f47aeb4384d6b3ab374a27bdffb8d8d8376cedbad3ad77a06
        sourceBlobDigest: sha256:c210adbd02b0213b9e6f95ffc27f60ec38f8f9040137d55ccf2b650d92ab0ff5
        tags:
            - latest
            - speakeasy-sdk-regen-1743898297
            - 0.0.3
targets:
    plexjs:
        source: plexapi
        sourceNamespace: plexapi
        sourceRevisionDigest: sha256:ea508e3da23b283f47aeb4384d6b3ab374a27bdffb8d8d8376cedbad3ad77a06
        sourceBlobDigest: sha256:c210adbd02b0213b9e6f95ffc27f60ec38f8f9040137d55ccf2b650d92ab0ff5
        codeSamplesNamespace: code-samples-typescript-plexjs
        codeSamplesRevisionDigest: sha256:871b7aa4b65bfb8932c4593238410f8f50b425e8039c1edd716be8b5f253ef9a
workflow:
    workflowVersion: 1.0.0
    speakeasyVersion: latest
    sources:
        plexapi:
            inputs:
                - location: https://raw.githubusercontent.com/LukeHagar/plex-api-spec/refs/heads/main/output/plex-media-server-spec-dereferenced.yaml
            registry:
                location: registry.speakeasyapi.dev/plexapi/plexapi/plexapi
    targets:
        plexjs:
            target: typescript
            source: plexapi
            publish:
                npm:
                    token: $npm_token
            codeSamples:
                output: codeSamples.yaml
                registry:
                    location: registry.speakeasyapi.dev/plexapi/plexapi/code-samples-typescript-plexjs
                labelOverride:
                    fixedValue: PlexJS
