speakeasyVersion: 1.323.0
sources:
    my-source:
        sourceNamespace: my-source
        sourceRevisionDigest: sha256:34d6078f698b0dd8314b634f063edbd2737ff9fa225839111b308effa0b3fc79
        sourceBlobDigest: sha256:1be3aa6d41b4e7a554218e6e10a32ece43156023f8a843127fa77e2e5c9a67b2
        tags:
            - latest
            - main
targets:
    plexjs:
        source: my-source
        sourceNamespace: my-source
        sourceRevisionDigest: sha256:34d6078f698b0dd8314b634f063edbd2737ff9fa225839111b308effa0b3fc79
        sourceBlobDigest: sha256:1be3aa6d41b4e7a554218e6e10a32ece43156023f8a843127fa77e2e5c9a67b2
        codeSamplesNamespace: code-samples-typescript-plexjs
        codeSamplesRevisionDigest: sha256:b37dc035436959bd4af4ea4323a6fdf3461e482c3ec03538e949589a3e13c935
        outLocation: /github/workspace/repo
workflow:
    workflowVersion: 1.0.0
    speakeasyVersion: latest
    sources:
        my-source:
            inputs:
                - location: https://raw.githubusercontent.com/LukeHagar/plex-api-spec/main/plex-media-server-spec-dereferenced.yaml
            registry:
                location: registry.speakeasyapi.dev/lukehagar/lukehagar/my-source
    targets:
        plexjs:
            target: typescript
            source: my-source
            publish:
                npm:
                    token: $NPM_TOKEN
            codeSamples:
                output: codeSamples.yaml
                registry:
                    location: registry.speakeasyapi.dev/lukehagar/lukehagar/code-samples-typescript-plexjs
